
Microsoft Visual Studio Solution File, Format Version 12.00
# Visual Studio Version 17
VisualStudioVersion = 17.1.32328.378
MinimumVisualStudioVersion = 10.0.40219.1
Project("{FAE04EC0-301F-11D3-BF4B-00C04F79EFBC}") = "FlightAwareJobApp", "FlightAwareJobApp.csproj", "{6934A5C8-DD62-4BC4-9831-AB40DF20FF4C}"
EndProject
Global
	GlobalSection(SolutionConfigurationPlatforms) = preSolution
		Debug|Any CPU = Debug|Any CPU
		Release|Any CPU = Release|Any CPU
	EndGlobalSection
	GlobalSection(ProjectConfigurationPlatforms) = postSolution
		{6934A5C8-DD62-4BC4-9831-AB40DF20FF4C}.Debug|Any CPU.ActiveCfg = Debug|Any CPU
		{6934A5C8-DD62-4BC4-9831-AB40DF20FF4C}.Debug|Any CPU.Build.0 = Debug|Any CPU
		{6934A5C8-DD62-4BC4-9831-AB40DF20FF4C}.Release|Any CPU.ActiveCfg = Release|Any CPU
		{6934A5C8-DD62-4BC4-9831-AB40DF20FF4C}.Release|Any CPU.Build.0 = Release|Any CPU
	EndGlobalSection
	GlobalSection(SolutionProperties) = preSolution
		HideSolutionNode = FALSE
	EndGlobalSection
	GlobalSection(ExtensibilityGlobals) = postSolution
		SolutionGuid = {22328DC6-C48D-41B5-948A-CC454A744EA8}
	EndGlobalSection
EndGlobal
